// !$*UTF8*$!
{
	archiveVersion = 1;
	classes = {
	};
	objectVersion = 55;
	objects = {

/* Begin PBXBuildFile section */
		B005037928AD471B00E43DFB /* userInfo.swift in Sources */ = {isa = PBXBuildFile; fileRef = B005037828AD471B00E43DFB /* userInfo.swift */; };
		B007E73928A168B90054FA80 /* Home.swift in Sources */ = {isa = PBXBuildFile; fileRef = B007E73828A168B90054FA80 /* Home.swift */; };
		B022C4C628BA78810048DCB3 /* loginMerchantView.swift in Sources */ = {isa = PBXBuildFile; fileRef = B022C4C528BA78810048DCB3 /* loginMerchantView.swift */; };
		B022C4C828BA7D5D0048DCB3 /* merchantReservationsView.swift in Sources */ = {isa = PBXBuildFile; fileRef = B022C4C728BA7D5D0048DCB3 /* merchantReservationsView.swift */; };
		B022C4CB28BA7F8B0048DCB3 /* customerReservationView.swift in Sources */ = {isa = PBXBuildFile; fileRef = B022C4CA28BA7F8B0048DCB3 /* customerReservationView.swift */; };
		B022C4CD28BA7F980048DCB3 /* accountView.swift in Sources */ = {isa = PBXBuildFile; fileRef = B022C4CC28BA7F980048DCB3 /* accountView.swift */; };
		B022C4CF28BA7FA60048DCB3 /* restaurantView.swift in Sources */ = {isa = PBXBuildFile; fileRef = B022C4CE28BA7FA60048DCB3 /* restaurantView.swift */; };
		B022C4D728BFF6A60048DCB3 /* customerList.swift in Sources */ = {isa = PBXBuildFile; fileRef = B022C4D628BFF6A60048DCB3 /* customerList.swift */; };
		B022C4D928BFF7DB0048DCB3 /* customerRow.swift in Sources */ = {isa = PBXBuildFile; fileRef = B022C4D828BFF7DB0048DCB3 /* customerRow.swift */; };
		B022C4DB28BFF8070048DCB3 /* customerDetails.swift in Sources */ = {isa = PBXBuildFile; fileRef = B022C4DA28BFF8070048DCB3 /* customerDetails.swift */; };
		B052A8E728906B8C001141C8 /* reserveUpAppApp.swift in Sources */ = {isa = PBXBuildFile; fileRef = B052A8E628906B8C001141C8 /* reserveUpAppApp.swift */; };
		B052A8E928906B8C001141C8 /* ContentView.swift in Sources */ = {isa = PBXBuildFile; fileRef = B052A8E828906B8C001141C8 /* ContentView.swift */; };
		B052A8EB28906B8F001141C8 /* Assets.xcassets in Resources */ = {isa = PBXBuildFile; fileRef = B052A8EA28906B8F001141C8 /* Assets.xcassets */; };
		B052A8EE28906B8F001141C8 /* Preview Assets.xcassets in Resources */ = {isa = PBXBuildFile; fileRef = B052A8ED28906B8F001141C8 /* Preview Assets.xcassets */; };
		B0ECB6C428A6D54700F355B2 /* informationVIew.swift in Sources */ = {isa = PBXBuildFile; fileRef = B0ECB6C328A6D54700F355B2 /* informationVIew.swift */; };
		B0ECB6C628A6DB0500F355B2 /* timeView.swift in Sources */ = {isa = PBXBuildFile; fileRef = B0ECB6C528A6DB0500F355B2 /* timeView.swift */; };
		B0EE080328B3D57300951983 /* comfirmationView.swift in Sources */ = {isa = PBXBuildFile; fileRef = B0EE080228B3D57300951983 /* comfirmationView.swift */; };
		B0F5BD3028BA5529005D3A98 /* reservationView.swift in Sources */ = {isa = PBXBuildFile; fileRef = B0F5BD2F28BA5529005D3A98 /* reservationView.swift */; };
		B0F5BD3228BA7322005D3A98 /* merchantView.swift in Sources */ = {isa = PBXBuildFile; fileRef = B0F5BD3128BA7322005D3A98 /* merchantView.swift */; };
/* End PBXBuildFile section */

/* Begin PBXFileReference section */
		B005037828AD471B00E43DFB /* userInfo.swift */ = {isa = PBXFileReference; lastKnownFileType = sourcecode.swift; path = userInfo.swift; sourceTree = "<group>"; };
		B007E73828A168B90054FA80 /* Home.swift */ = {isa = PBXFileReference; lastKnownFileType = sourcecode.swift; path = Home.swift; sourceTree = "<group>"; };
		B022C4C528BA78810048DCB3 /* loginMerchantView.swift */ = {isa = PBXFileReference; lastKnownFileType = sourcecode.swift; path = loginMerchantView.swift; sourceTree = "<group>"; };
		B022C4C728BA7D5D0048DCB3 /* merchantReservationsView.swift */ = {isa = PBXFileReference; lastKnownFileType = sourcecode.swift; path = merchantReservationsView.swift; sourceTree = "<group>"; };
		B022C4CA28BA7F8B0048DCB3 /* customerReservationView.swift */ = {isa = PBXFileReference; lastKnownFileType = sourcecode.swift; path = customerReservationView.swift; sourceTree = "<group>"; };
		B022C4CC28BA7F980048DCB3 /* accountView.swift */ = {isa = PBXFileReference; lastKnownFileType = sourcecode.swift; path = accountView.swift; sourceTree = "<group>"; };
		B022C4CE28BA7FA60048DCB3 /* restaurantView.swift */ = {isa = PBXFileReference; lastKnownFileType = sourcecode.swift; path = restaurantView.swift; sourceTree = "<group>"; };
		B022C4D628BFF6A60048DCB3 /* customerList.swift */ = {isa = PBXFileReference; lastKnownFileType = sourcecode.swift; path = customerList.swift; sourceTree = "<group>"; };
		B022C4D828BFF7DB0048DCB3 /* customerRow.swift */ = {isa = PBXFileReference; lastKnownFileType = sourcecode.swift; path = customerRow.swift; sourceTree = "<group>"; };
		B022C4DA28BFF8070048DCB3 /* customerDetails.swift */ = {isa = PBXFileReference; lastKnownFileType = sourcecode.swift; path = customerDetails.swift; sourceTree = "<group>"; };
		B052A8E328906B8C001141C8 /* reserveUpApp.app */ = {isa = PBXFileReference; explicitFileType = wrapper.application; includeInIndex = 0; path = reserveUpApp.app; sourceTree = BUILT_PRODUCTS_DIR; };
		B052A8E628906B8C001141C8 /* reserveUpAppApp.swift */ = {isa = PBXFileReference; lastKnownFileType = sourcecode.swift; path = reserveUpAppApp.swift; sourceTree = "<group>"; };
		B052A8E828906B8C001141C8 /* ContentView.swift */ = {isa = PBXFileReference; indentWidth = 4; lastKnownFileType = sourcecode.swift; path = ContentView.swift; sourceTree = "<group>"; tabWidth = 4; };
		B052A8EA28906B8F001141C8 /* Assets.xcassets */ = {isa = PBXFileReference; lastKnownFileType = folder.assetcatalog; path = Assets.xcassets; sourceTree = "<group>"; };
		B052A8ED28906B8F001141C8 /* Preview Assets.xcassets */ = {isa = PBXFileReference; lastKnownFileType = folder.assetcatalog; path = "Preview Assets.xcassets"; sourceTree = "<group>"; };
		B0ECB6C328A6D54700F355B2 /* informationVIew.swift */ = {isa = PBXFileReference; lastKnownFileType = sourcecode.swift; path = informationVIew.swift; sourceTree = "<group>"; };
		B0ECB6C528A6DB0500F355B2 /* timeView.swift */ = {isa = PBXFileReference; lastKnownFileType = sourcecode.swift; path = timeView.swift; sourceTree = "<group>"; };
		B0EE080228B3D57300951983 /* comfirmationView.swift */ = {isa = PBXFileReference; lastKnownFileType = sourcecode.swift; path = comfirmationView.swift; sourceTree = "<group>"; };
		B0F5BD2F28BA5529005D3A98 /* reservationView.swift */ = {isa = PBXFileReference; lastKnownFileType = sourcecode.swift; path = reservationView.swift; sourceTree = "<group>"; };
		B0F5BD3128BA7322005D3A98 /* merchantView.swift */ = {isa = PBXFileReference; lastKnownFileType = sourcecode.swift; path = merchantView.swift; sourceTree = "<group>"; };
/* End PBXFileReference section */

/* Begin PBXFrameworksBuildPhase section */
		B052A8E028906B8C001141C8 /* Frameworks */ = {
			isa = PBXFrameworksBuildPhase;
			buildActionMask = 2147483647;
			files = (
			);
			runOnlyForDeploymentPostprocessing = 0;
		};
/* End PBXFrameworksBuildPhase section */

/* Begin PBXGroup section */
		B022C4C928BA7EF70048DCB3 /* toolBarViews */ = {
			isa = PBXGroup;
			children = (
				B022C4CA28BA7F8B0048DCB3 /* customerReservationView.swift */,
				B022C4D628BFF6A60048DCB3 /* customerList.swift */,
				B022C4CC28BA7F980048DCB3 /* accountView.swift */,
				B022C4CE28BA7FA60048DCB3 /* restaurantView.swift */,
				B022C4D828BFF7DB0048DCB3 /* customerRow.swift */,
				B022C4DA28BFF8070048DCB3 /* customerDetails.swift */,
			);
			path = toolBarViews;
			sourceTree = "<group>";
		};
		B022C4D028BD0ED10048DCB3 /* reservationViews */ = {
			isa = PBXGroup;
			children = (
				B0EE080228B3D57300951983 /* comfirmationView.swift */,
				B0ECB6C328A6D54700F355B2 /* informationVIew.swift */,
				B0ECB6C528A6DB0500F355B2 /* timeView.swift */,
				B0F5BD2F28BA5529005D3A98 /* reservationView.swift */,
			);
			path = reservationViews;
			sourceTree = "<group>";
		};
		B022C4D128BD5FA50048DCB3 /* merchantViews */ = {
			isa = PBXGroup;
			children = (
				B022C4C528BA78810048DCB3 /* loginMerchantView.swift */,
				B022C4C728BA7D5D0048DCB3 /* merchantReservationsView.swift */,
				B0F5BD3128BA7322005D3A98 /* merchantView.swift */,
				B022C4C928BA7EF70048DCB3 /* toolBarViews */,
			);
			path = merchantViews;
			sourceTree = "<group>";
		};
		B022C4D428BFF5930048DCB3 /* views */ = {
			isa = PBXGroup;
			children = (
				B022C4D128BD5FA50048DCB3 /* merchantViews */,
				B022C4D028BD0ED10048DCB3 /* reservationViews */,
			);
			path = views;
			sourceTree = "<group>";
		};
		B022C4D528BFF5C10048DCB3 /* model */ = {
			isa = PBXGroup;
			children = (
				B005037828AD471B00E43DFB /* userInfo.swift */,
			);
			path = model;
			sourceTree = "<group>";
		};
		B052A8DA28906B8C001141C8 = {
			isa = PBXGroup;
			children = (
				B052A8E528906B8C001141C8 /* reserveUpApp */,
				B052A8E428906B8C001141C8 /* Products */,
			);
			sourceTree = "<group>";
		};
		B052A8E428906B8C001141C8 /* Products */ = {
			isa = PBXGroup;
			children = (
				B052A8E328906B8C001141C8 /* reserveUpApp.app */,
			);
			name = Products;
			sourceTree = "<group>";
		};
		B052A8E528906B8C001141C8 /* reserveUpApp */ = {
			isa = PBXGroup;
			children = (
				B022C4D528BFF5C10048DCB3 /* model */,
				B022C4D428BFF5930048DCB3 /* views */,
				B052A8EA28906B8F001141C8 /* Assets.xcassets */,
				B052A8E628906B8C001141C8 /* reserveUpAppApp.swift */,
				B052A8E828906B8C001141C8 /* ContentView.swift */,
				B007E73828A168B90054FA80 /* Home.swift */,
				B052A8EC28906B8F001141C8 /* Preview Content */,
			);
			path = reserveUpApp;
			sourceTree = "<group>";
		};
		B052A8EC28906B8F001141C8 /* Preview Content */ = {
			isa = PBXGroup;
			children = (
				B052A8ED28906B8F001141C8 /* Preview Assets.xcassets */,
			);
			path = "Preview Content";
			sourceTree = "<group>";
		};
/* End PBXGroup section */

/* Begin PBXNativeTarget section */
		B052A8E228906B8C001141C8 /* reserveUpApp */ = {
			isa = PBXNativeTarget;
			buildConfigurationList = B052A8F128906B8F001141C8 /* Build configuration list for PBXNativeTarget "reserveUpApp" */;
			buildPhases = (
				B052A8DF28906B8C001141C8 /* Sources */,
				B052A8E028906B8C001141C8 /* Frameworks */,
				B052A8E128906B8C001141C8 /* Resources */,
			);
			buildRules = (
			);
			dependencies = (
			);
			name = reserveUpApp;
			productName = reserveUpApp;
			productReference = B052A8E328906B8C001141C8 /* reserveUpApp.app */;
			productType = "com.apple.product-type.application";
		};
/* End PBXNativeTarget section */

/* Begin PBXProject section */
		B052A8DB28906B8C001141C8 /* Project object */ = {
			isa = PBXProject;
			attributes = {
				BuildIndependentTargetsInParallel = 1;
				LastSwiftUpdateCheck = 1330;
				LastUpgradeCheck = 1330;
				TargetAttributes = {
					B052A8E228906B8C001141C8 = {
						CreatedOnToolsVersion = 13.3.1;
					};
				};
			};
			buildConfigurationList = B052A8DE28906B8C001141C8 /* Build configuration list for PBXProject "reserveUpApp" */;
			compatibilityVersion = "Xcode 13.0";
			developmentRegion = en;
			hasScannedForEncodings = 0;
			knownRegions = (
				en,
				Base,
			);
			mainGroup = B052A8DA28906B8C001141C8;
			productRefGroup = B052A8E428906B8C001141C8 /* Products */;
			projectDirPath = "";
			projectRoot = "";
			targets = (
				B052A8E228906B8C001141C8 /* reserveUpApp */,
			);
		};
/* End PBXProject section */

/* Begin PBXResourcesBuildPhase section */
		B052A8E128906B8C001141C8 /* Resources */ = {
			isa = PBXResourcesBuildPhase;
			buildActionMask = 2147483647;
			files = (
				B052A8EE28906B8F001141C8 /* Preview Assets.xcassets in Resources */,
				B052A8EB28906B8F001141C8 /* Assets.xcassets in Resources */,
			);
			runOnlyForDeploymentPostprocessing = 0;
		};
/* End PBXResourcesBuildPhase section */

/* Begin PBXSourcesBuildPhase section */
		B052A8DF28906B8C001141C8 /* Sources */ = {
			isa = PBXSourcesBuildPhase;
			buildActionMask = 2147483647;
			files = (
				B022C4C628BA78810048DCB3 /* loginMerchantView.swift in Sources */,
				B0F5BD3228BA7322005D3A98 /* merchantView.swift in Sources */,
				B005037928AD471B00E43DFB /* userInfo.swift in Sources */,
				B052A8E928906B8C001141C8 /* ContentView.swift in Sources */,
				B0ECB6C428A6D54700F355B2 /* informationVIew.swift in Sources */,
				B022C4CD28BA7F980048DCB3 /* accountView.swift in Sources */,
				B022C4D928BFF7DB0048DCB3 /* customerRow.swift in Sources */,
				B0ECB6C628A6DB0500F355B2 /* timeView.swift in Sources */,
				B007E73928A168B90054FA80 /* Home.swift in Sources */,
				B022C4D728BFF6A60048DCB3 /* customerList.swift in Sources */,
				B0F5BD3028BA5529005D3A98 /* reservationView.swift in Sources */,
				B022C4CF28BA7FA60048DCB3 /* restaurantView.swift in Sources */,
				B0EE080328B3D57300951983 /* comfirmationView.swift in Sources */,
				B052A8E728906B8C001141C8 /* reserveUpAppApp.swift in Sources */,
				B022C4C828BA7D5D0048DCB3 /* merchantReservationsView.swift in Sources */,
				B022C4CB28BA7F8B0048DCB3 /* customerReservationView.swift in Sources */,
				B022C4DB28BFF8070048DCB3 /* customerDetails.swift in Sources */,
			);
			runOnlyForDeploymentPostprocessing = 0;
		};
/* End PBXSourcesBuildPhase section */

/* Begin XCBuildConfiguration section */
		B052A8EF28906B8F001141C8 /* Debug */ = {
			isa = XCBuildConfiguration;
			buildSettings = {
				ALWAYS_SEARCH_USER_PATHS = NO;
				CLANG_ANALYZER_NONNULL = YES;
				CLANG_ANALYZER_NUMBER_OBJECT_CONVERSION = YES_AGGRESSIVE;
				CLANG_CXX_LANGUAGE_STANDARD = "gnu++17";
				CLANG_ENABLE_MODULES = YES;
				CLANG_ENABLE_OBJC_ARC = YES;
				CLANG_ENABLE_OBJC_WEAK = YES;
				CLANG_WARN_BLOCK_CAPTURE_AUTORELEASING = YES;
				CLANG_WARN_BOOL_CONVERSION = YES;
				CLANG_WARN_COMMA = YES;
				CLANG_WARN_CONSTANT_CONVERSION = YES;
				CLANG_WARN_DEPRECATED_OBJC_IMPLEMENTATIONS = YES;
				CLANG_WARN_DIRECT_OBJC_ISA_USAGE = YES_ERROR;
				CLANG_WARN_DOCUMENTATION_COMMENTS = YES;
				CLANG_WARN_EMPTY_BODY = YES;
				CLANG_WARN_ENUM_CONVERSION = YES;
				CLANG_WARN_INFINITE_RECURSION = YES;
				CLANG_WARN_INT_CONVERSION = YES;
				CLANG_WARN_NON_LITERAL_NULL_CONVERSION = YES;
				CLANG_WARN_OBJC_IMPLICIT_RETAIN_SELF = YES;
				CLANG_WARN_OBJC_LITERAL_CONVERSION = YES;
				CLANG_WARN_OBJC_ROOT_CLASS = YES_ERROR;
				CLANG_WARN_QUOTED_INCLUDE_IN_FRAMEWORK_HEADER = YES;
				CLANG_WARN_RANGE_LOOP_ANALYSIS = YES;
				CLANG_WARN_STRICT_PROTOTYPES = YES;
				CLANG_WARN_SUSPICIOUS_MOVE = YES;
				CLANG_WARN_UNGUARDED_AVAILABILITY = YES_AGGRESSIVE;
				CLANG_WARN_UNREACHABLE_CODE = YES;
				CLANG_WARN__DUPLICATE_METHOD_MATCH = YES;
				COPY_PHASE_STRIP = NO;
				DEBUG_INFORMATION_FORMAT = dwarf;
				ENABLE_STRICT_OBJC_MSGSEND = YES;
				ENABLE_TESTABILITY = YES;
				GCC_C_LANGUAGE_STANDARD = gnu11;
				GCC_DYNAMIC_NO_PIC = NO;
				GCC_NO_COMMON_BLOCKS = YES;
				GCC_OPTIMIZATION_LEVEL = 0;
				GCC_PREPROCESSOR_DEFINITIONS = (
					"DEBUG=1",
					"$(inherited)",
				);
				GCC_WARN_64_TO_32_BIT_CONVERSION = YES;
				GCC_WARN_ABOUT_RETURN_TYPE = YES_ERROR;
				GCC_WARN_UNDECLARED_SELECTOR = YES;
				GCC_WARN_UNINITIALIZED_AUTOS = YES_AGGRESSIVE;
				GCC_WARN_UNUSED_FUNCTION = YES;
				GCC_WARN_UNUSED_VARIABLE = YES;
				IPHONEOS_DEPLOYMENT_TARGET = 15.4;
				MTL_ENABLE_DEBUG_INFO = INCLUDE_SOURCE;
				MTL_FAST_MATH = YES;
				ONLY_ACTIVE_ARCH = YES;
				SDKROOT = iphoneos;
				SWIFT_ACTIVE_COMPILATION_CONDITIONS = DEBUG;
				SWIFT_OPTIMIZATION_LEVEL = "-Onone";
			};
			name = Debug;
		};
		B052A8F028906B8F001141C8 /* Release */ = {
			isa = XCBuildConfiguration;
			buildSettings = {
				ALWAYS_SEARCH_USER_PATHS = NO;
				CLANG_ANALYZER_NONNULL = YES;
				CLANG_ANALYZER_NUMBER_OBJECT_CONVERSION = YES_AGGRESSIVE;
				CLANG_CXX_LANGUAGE_STANDARD = "gnu++17";
				CLANG_ENABLE_MODULES = YES;
				CLANG_ENABLE_OBJC_ARC = YES;
				CLANG_ENABLE_OBJC_WEAK = YES;
				CLANG_WARN_BLOCK_CAPTURE_AUTORELEASING = YES;
				CLANG_WARN_BOOL_CONVERSION = YES;
				CLANG_WARN_COMMA = YES;
				CLANG_WARN_CONSTANT_CONVERSION = YES;
				CLANG_WARN_DEPRECATED_OBJC_IMPLEMENTATIONS = YES;
				CLANG_WARN_DIRECT_OBJC_ISA_USAGE = YES_ERROR;
				CLANG_WARN_DOCUMENTATION_COMMENTS = YES;
				CLANG_WARN_EMPTY_BODY = YES;
				CLANG_WARN_ENUM_CONVERSION = YES;
				CLANG_WARN_INFINITE_RECURSION = YES;
				CLANG_WARN_INT_CONVERSION = YES;
				CLANG_WARN_NON_LITERAL_NULL_CONVERSION = YES;
				CLANG_WARN_OBJC_IMPLICIT_RETAIN_SELF = YES;
				CLANG_WARN_OBJC_LITERAL_CONVERSION = YES;
				CLANG_WARN_OBJC_ROOT_CLASS = YES_ERROR;
				CLANG_WARN_QUOTED_INCLUDE_IN_FRAMEWORK_HEADER = YES;
				CLANG_WARN_RANGE_LOOP_ANALYSIS = YES;
				CLANG_WARN_STRICT_PROTOTYPES = YES;
				CLANG_WARN_SUSPICIOUS_MOVE = YES;
				CLANG_WARN_UNGUARDED_AVAILABILITY = YES_AGGRESSIVE;
				CLANG_WARN_UNREACHABLE_CODE = YES;
				CLANG_WARN__DUPLICATE_METHOD_MATCH = YES;
				COPY_PHASE_STRIP = NO;
				DEBUG_INFORMATION_FORMAT = "dwarf-with-dsym";
				ENABLE_NS_ASSERTIONS = NO;
				ENABLE_STRICT_OBJC_MSGSEND = YES;
				GCC_C_LANGUAGE_STANDARD = gnu11;
				GCC_NO_COMMON_BLOCKS = YES;
				GCC_WARN_64_TO_32_BIT_CONVERSION = YES;
				GCC_WARN_ABOUT_RETURN_TYPE = YES_ERROR;
				GCC_WARN_UNDECLARED_SELECTOR = YES;
				GCC_WARN_UNINITIALIZED_AUTOS = YES_AGGRESSIVE;
				GCC_WARN_UNUSED_FUNCTION = YES;
				GCC_WARN_UNUSED_VARIABLE = YES;
				IPHONEOS_DEPLOYMENT_TARGET = 15.4;
				MTL_ENABLE_DEBUG_INFO = NO;
				MTL_FAST_MATH = YES;
				SDKROOT = iphoneos;
				SWIFT_COMPILATION_MODE = wholemodule;
				SWIFT_OPTIMIZATION_LEVEL = "-O";
				VALIDATE_PRODUCT = YES;
			};
			name = Release;
		};
		B052A8F228906B8F001141C8 /* Debug */ = {
			isa = XCBuildConfiguration;
			buildSettings = {
				ASSETCATALOG_COMPILER_APPICON_NAME = AppIcon;
				ASSETCATALOG_COMPILER_GLOBAL_ACCENT_COLOR_NAME = AccentColor;
				CODE_SIGN_STYLE = Automatic;
				CURRENT_PROJECT_VERSION = 1;
				DEVELOPMENT_ASSET_PATHS = "\"reserveUpApp/Preview Content\"";
				DEVELOPMENT_TEAM = J56733LL6Q;
				ENABLE_PREVIEWS = YES;
				GENERATE_INFOPLIST_FILE = YES;
				INFOPLIST_KEY_UIApplicationSceneManifest_Generation = YES;
				INFOPLIST_KEY_UIApplicationSupportsIndirectInputEvents = YES;
				INFOPLIST_KEY_UILaunchScreen_Generation = YES;
				INFOPLIST_KEY_UISupportedInterfaceOrientations_iPad = "UIInterfaceOrientationPortrait UIInterfaceOrientationPortraitUpsideDown UIInterfaceOrientationLandscapeLeft UIInterfaceOrientationLandscapeRight";
				INFOPLIST_KEY_UISupportedInterfaceOrientations_iPhone = "UIInterfaceOrientationPortrait UIInterfaceOrientationLandscapeLeft UIInterfaceOrientationLandscapeRight";
				LD_RUNPATH_SEARCH_PATHS = (
					"$(inherited)",
					"@executable_path/Frameworks",
				);
				MARKETING_VERSION = 1.0;
				PRODUCT_BUNDLE_IDENTIFIER = tunc.reserveUpApp;
				PRODUCT_NAME = "$(TARGET_NAME)";
				SWIFT_EMIT_LOC_STRINGS = YES;
				SWIFT_VERSION = 5.0;
				TARGETED_DEVICE_FAMILY = "1,2";
			};
			name = Debug;
		};
		B052A8F328906B8F001141C8 /* Release */ = {
			isa = XCBuildConfiguration;
			buildSettings = {
				ASSETCATALOG_COMPILER_APPICON_NAME = AppIcon;
				ASSETCATALOG_COMPILER_GLOBAL_ACCENT_COLOR_NAME = AccentColor;
				CODE_SIGN_STYLE = Automatic;
				CURRENT_PROJECT_VERSION = 1;
				DEVELOPMENT_ASSET_PATHS = "\"reserveUpApp/Preview Content\"";
				DEVELOPMENT_TEAM = J56733LL6Q;
				ENABLE_PREVIEWS = YES;
				GENERATE_INFOPLIST_FILE = YES;
				INFOPLIST_KEY_UIApplicationSceneManifest_Generation = YES;
				INFOPLIST_KEY_UIApplicationSupportsIndirectInputEvents = YES;
				INFOPLIST_KEY_UILaunchScreen_Generation = YES;
				INFOPLIST_KEY_UISupportedInterfaceOrientations_iPad = "UIInterfaceOrientationPortrait UIInterfaceOrientationPortraitUpsideDown UIInterfaceOrientationLandscapeLeft UIInterfaceOrientationLandscapeRight";
				INFOPLIST_KEY_UISupportedInterfaceOrientations_iPhone = "UIInterfaceOrientationPortrait UIInterfaceOrientationLandscapeLeft UIInterfaceOrientationLandscapeRight";
				LD_RUNPATH_SEARCH_PATHS = (
					"$(inherited)",
					"@executable_path/Frameworks",
				);
				MARKETING_VERSION = 1.0;
				PRODUCT_BUNDLE_IDENTIFIER = tunc.reserveUpApp;
				PRODUCT_NAME = "$(TARGET_NAME)";
				SWIFT_EMIT_LOC_STRINGS = YES;
				SWIFT_VERSION = 5.0;
				TARGETED_DEVICE_FAMILY = "1,2";
			};
			name = Release;
		};
/* End XCBuildConfiguration section */

/* Begin XCConfigurationList section */
		B052A8DE28906B8C001141C8 /* Build configuration list for PBXProject "reserveUpApp" */ = {
			isa = XCConfigurationList;
			buildConfigurations = (
				B052A8EF28906B8F001141C8 /* Debug */,
				B052A8F028906B8F001141C8 /* Release */,
			);
			defaultConfigurationIsVisible = 0;
			defaultConfigurationName = Release;
		};
		B052A8F128906B8F001141C8 /* Build configuration list for PBXNativeTarget "reserveUpApp" */ = {
			isa = XCConfigurationList;
			buildConfigurations = (
				B052A8F228906B8F001141C8 /* Debug */,
				B052A8F328906B8F001141C8 /* Release */,
			);
			defaultConfigurationIsVisible = 0;
			defaultConfigurationName = Release;
		};
/* End XCConfigurationList section */
	};
	rootObject = B052A8DB28906B8C001141C8 /* Project object */;
}
